
Microsoft Visual Studio Solution File, Format Version 12.00
# Visual Studio Version 17
VisualStudioVersion = 17.14.36202.13 d17.14
MinimumVisualStudioVersion = 10.0.40219.1
Project("{FAE04EC0-301F-11D3-BF4B-00C04F79EFBC}") = "CustomerCommLib", "CustomerCommLib\CustomerCommLib.csproj", "{C25FC39D-CACC-4D0E-A367-4D476599359D}"
EndProject
Project("{FAE04EC0-301F-11D3-BF4B-00C04F79EFBC}") = "CustomerComm.Tests", "CustomerComm.Tests\CustomerComm.Tests.csproj", "{DA838CE5-5F8F-4CBF-84AB-D8DBF3592D7C}"
EndProject
Global
	GlobalSection(SolutionConfigurationPlatforms) = preSolution
		Debug|Any CPU = Debug|Any CPU
		Release|Any CPU = Release|Any CPU
	EndGlobalSection
	GlobalSection(ProjectConfigurationPlatforms) = postSolution
		{C25FC39D-CACC-4D0E-A367-4D476599359D}.Debug|Any CPU.ActiveCfg = Debug|Any CPU
		{C25FC39D-CACC-4D0E-A367-4D476599359D}.Debug|Any CPU.Build.0 = Debug|Any CPU
		{C25FC39D-CACC-4D0E-A367-4D476599359D}.Release|Any CPU.ActiveCfg = Release|Any CPU
		{C25FC39D-CACC-4D0E-A367-4D476599359D}.Release|Any CPU.Build.0 = Release|Any CPU
		{DA838CE5-5F8F-4CBF-84AB-D8DBF3592D7C}.Debug|Any CPU.ActiveCfg = Debug|Any CPU
		{DA838CE5-5F8F-4CBF-84AB-D8DBF3592D7C}.Debug|Any CPU.Build.0 = Debug|Any CPU
		{DA838CE5-5F8F-4CBF-84AB-D8DBF3592D7C}.Release|Any CPU.ActiveCfg = Release|Any CPU
		{DA838CE5-5F8F-4CBF-84AB-D8DBF3592D7C}.Release|Any CPU.Build.0 = Release|Any CPU
	EndGlobalSection
	GlobalSection(SolutionProperties) = preSolution
		HideSolutionNode = FALSE
	EndGlobalSection
	GlobalSection(ExtensibilityGlobals) = postSolution
		SolutionGuid = {C6F6B954-92B2-443F-A45E-B654982F71D0}
	EndGlobalSection
EndGlobal
