
Microsoft Visual Studio Solution File, Format Version 12.00
# Visual Studio Version 17
VisualStudioVersion = 17.14.36203.30 d17.14
MinimumVisualStudioVersion = 10.0.40219.1
Project("{FAE04EC0-301F-11D3-BF4B-00C04F79EFBC}") = "FirstWebAPI", "FirstWebAPI.csproj", "{CD6ACEB2-E8E7-4B3F-91E7-0AF07B5559C3}"
EndProject
Global
	GlobalSection(SolutionConfigurationPlatforms) = preSolution
		Debug|Any CPU = Debug|Any CPU
		Release|Any CPU = Release|Any CPU
	EndGlobalSection
	GlobalSection(ProjectConfigurationPlatforms) = postSolution
		{CD6ACEB2-E8E7-4B3F-91E7-0AF07B5559C3}.Debug|Any CPU.ActiveCfg = Debug|Any CPU
		{CD6ACEB2-E8E7-4B3F-91E7-0AF07B5559C3}.Debug|Any CPU.Build.0 = Debug|Any CPU
		{CD6ACEB2-E8E7-4B3F-91E7-0AF07B5559C3}.Release|Any CPU.ActiveCfg = Release|Any CPU
		{CD6ACEB2-E8E7-4B3F-91E7-0AF07B5559C3}.Release|Any CPU.Build.0 = Release|Any CPU
	EndGlobalSection
	GlobalSection(SolutionProperties) = preSolution
		HideSolutionNode = FALSE
	EndGlobalSection
	GlobalSection(ExtensibilityGlobals) = postSolution
		SolutionGuid = {A7680BAF-F06F-4919-8509-41A440901AB3}
	EndGlobalSection
EndGlobal
